
Microsoft Visual Studio Solution File, Format Version 12.00
# Visual Studio Version 16
VisualStudioVersion = 16.0.30523.141
MinimumVisualStudioVersion = 10.0.40219.1
Project("{FAE04EC0-301F-11D3-BF4B-00C04F79EFBC}") = "ITLand.Web", "ITLand.Web\ITLand.Web.csproj", "{B505E78C-AC0F-4002-B176-D363E9ABDA6B}"
EndProject
Project("{FAE04EC0-301F-11D3-BF4B-00C04F79EFBC}") = "ITLand.Tests", "ITLand.Tests\ITLand.Tests.csproj", "{C9A9D4E0-3C00-4840-A642-76462A2B34DE}"
EndProject
Project("{FAE04EC0-301F-11D3-BF4B-00C04F79EFBC}") = "ITLand.Commerce", "ITLand.Commerce\ITLand.Commerce.csproj", "{77C14925-B19A-4479-9E77-F62958A7DE16}"
EndProject
Project("{2150E333-8FDC-42A3-9474-1A3956D46DE8}") = "Solution Items", "Solution Items", "{0932F797-2C3C-4A4D-9A9C-59CBADFAE1BA}"
	ProjectSection(SolutionItems) = preProject
		.editorconfig = .editorconfig
	EndProjectSection
EndProject
Global
	GlobalSection(SolutionConfigurationPlatforms) = preSolution
		Debug|Any CPU = Debug|Any CPU
		Release|Any CPU = Release|Any CPU
	EndGlobalSection
	GlobalSection(ProjectConfigurationPlatforms) = postSolution
		{B505E78C-AC0F-4002-B176-D363E9ABDA6B}.Debug|Any CPU.ActiveCfg = Debug|Any CPU
		{B505E78C-AC0F-4002-B176-D363E9ABDA6B}.Debug|Any CPU.Build.0 = Debug|Any CPU
		{B505E78C-AC0F-4002-B176-D363E9ABDA6B}.Release|Any CPU.ActiveCfg = Release|Any CPU
		{B505E78C-AC0F-4002-B176-D363E9ABDA6B}.Release|Any CPU.Build.0 = Release|Any CPU
		{C9A9D4E0-3C00-4840-A642-76462A2B34DE}.Debug|Any CPU.ActiveCfg = Debug|Any CPU
		{C9A9D4E0-3C00-4840-A642-76462A2B34DE}.Debug|Any CPU.Build.0 = Debug|Any CPU
		{C9A9D4E0-3C00-4840-A642-76462A2B34DE}.Release|Any CPU.ActiveCfg = Release|Any CPU
		{C9A9D4E0-3C00-4840-A642-76462A2B34DE}.Release|Any CPU.Build.0 = Release|Any CPU
		{77C14925-B19A-4479-9E77-F62958A7DE16}.Debug|Any CPU.ActiveCfg = Debug|Any CPU
		{77C14925-B19A-4479-9E77-F62958A7DE16}.Debug|Any CPU.Build.0 = Debug|Any CPU
		{77C14925-B19A-4479-9E77-F62958A7DE16}.Release|Any CPU.ActiveCfg = Release|Any CPU
		{77C14925-B19A-4479-9E77-F62958A7DE16}.Release|Any CPU.Build.0 = Release|Any CPU
	EndGlobalSection
	GlobalSection(SolutionProperties) = preSolution
		HideSolutionNode = FALSE
	EndGlobalSection
	GlobalSection(ExtensibilityGlobals) = postSolution
		SolutionGuid = {CCBB8264-276E-4FC5-ACD4-5D2725A6470A}
	EndGlobalSection
EndGlobal
